// !$*UTF8*$!
{
	archiveVersion = 1;
	classes = {
	};
	objectVersion = 77;
	objects = {

/* Begin PBXBuildFile section */
		5F1FC3312D3AF53500C8C87C /* SwiftTerm in Frameworks */ = {isa = PBXBuildFile; productRef = 5F1FC3302D3AF53500C8C87C /* SwiftTerm */; };
		5F34CEF02D2B3F5900DFD051 /* ChatToys in Frameworks */ = {isa = PBXBuildFile; productRef = 5F34CEEF2D2B3F5900DFD051 /* ChatToys */; };
/* End PBXBuildFile section */

/* Begin PBXContainerItemProxy section */
		5F1FCB172D41E74700C8C87C /* PBXContainerItemProxy */ = {
			isa = PBXContainerItemProxy;
			containerPortal = 5F34CED02D2B3F2500DFD051 /* Project object */;
			proxyType = 1;
			remoteGlobalIDString = 5F34CED72D2B3F2500DFD051;
			remoteInfo = Nat;
		};
/* End PBXContainerItemProxy section */

/* Begin PBXFileReference section */
		5F1FCB132D41E74700C8C87C /* NatTests.xctest */ = {isa = PBXFileReference; explicitFileType = wrapper.cfbundle; includeInIndex = 0; path = NatTests.xctest; sourceTree = BUILT_PRODUCTS_DIR; };
		5F34CED82D2B3F2500DFD051 /* Nat.app */ = {isa = PBXFileReference; explicitFileType = wrapper.application; includeInIndex = 0; path = Nat.app; sourceTree = BUILT_PRODUCTS_DIR; };
/* End PBXFileReference section */

/* Begin PBXFileSystemSynchronizedBuildFileExceptionSet section */
		5F34CEE82D2B3F2700DFD051 /* Exceptions for "Nat" folder in "Nat" target */ = {
			isa = PBXFileSystemSynchronizedBuildFileExceptionSet;
			membershipExceptions = (
				Info.plist,
			);
			target = 5F34CED72D2B3F2500DFD051 /* Nat */;
		};
/* End PBXFileSystemSynchronizedBuildFileExceptionSet section */

/* Begin PBXFileSystemSynchronizedRootGroup section */
		5F1FCB142D41E74700C8C87C /* NatTests */ = {
			isa = PBXFileSystemSynchronizedRootGroup;
			path = NatTests;
			sourceTree = "<group>";
		};
		5F34CEDA2D2B3F2500DFD051 /* Nat */ = {
			isa = PBXFileSystemSynchronizedRootGroup;
			exceptions = (
				5F34CEE82D2B3F2700DFD051 /* Exceptions for "Nat" folder in "Nat" target */,
			);
			path = Nat;
			sourceTree = "<group>";
		};
/* End PBXFileSystemSynchronizedRootGroup section */

/* Begin PBXFrameworksBuildPhase section */
		5F1FCB102D41E74700C8C87C /* Frameworks */ = {
			isa = PBXFrameworksBuildPhase;
			buildActionMask = 2147483647;
			files = (
			);
			runOnlyForDeploymentPostprocessing = 0;
		};
		5F34CED52D2B3F2500DFD051 /* Frameworks */ = {
			isa = PBXFrameworksBuildPhase;
			buildActionMask = 2147483647;
			files = (
				5F1FC3312D3AF53500C8C87C /* SwiftTerm in Frameworks */,
				5F34CEF02D2B3F5900DFD051 /* ChatToys in Frameworks */,
			);
			runOnlyForDeploymentPostprocessing = 0;
		};
/* End PBXFrameworksBuildPhase section */

/* Begin PBXGroup section */
		5F34CECF2D2B3F2500DFD051 = {
			isa = PBXGroup;
			children = (
				5F34CEDA2D2B3F2500DFD051 /* Nat */,
				5F1FCB142D41E74700C8C87C /* NatTests */,
				5F34CED92D2B3F2500DFD051 /* Products */,
			);
			sourceTree = "<group>";
		};
		5F34CED92D2B3F2500DFD051 /* Products */ = {
			isa = PBXGroup;
			children = (
				5F34CED82D2B3F2500DFD051 /* Nat.app */,
				5F1FCB132D41E74700C8C87C /* NatTests.xctest */,
			);
			name = Products;
			sourceTree = "<group>";
		};
/* End PBXGroup section */

/* Begin PBXNativeTarget section */
		5F1FCB122D41E74700C8C87C /* NatTests */ = {
			isa = PBXNativeTarget;
			buildConfigurationList = 5F1FCB192D41E74700C8C87C /* Build configuration list for PBXNativeTarget "NatTests" */;
			buildPhases = (
				5F1FCB0F2D41E74700C8C87C /* Sources */,
				5F1FCB102D41E74700C8C87C /* Frameworks */,
				5F1FCB112D41E74700C8C87C /* Resources */,
			);
			buildRules = (
			);
			dependencies = (
				5F1FCB182D41E74700C8C87C /* PBXTargetDependency */,
			);
			fileSystemSynchronizedGroups = (
				5F1FCB142D41E74700C8C87C /* NatTests */,
			);
			name = NatTests;
			packageProductDependencies = (
			);
			productName = NatTests;
			productReference = 5F1FCB132D41E74700C8C87C /* NatTests.xctest */;
			productType = "com.apple.product-type.bundle.unit-test";
		};
		5F34CED72D2B3F2500DFD051 /* Nat */ = {
			isa = PBXNativeTarget;
			buildConfigurationList = 5F34CEE92D2B3F2700DFD051 /* Build configuration list for PBXNativeTarget "Nat" */;
			buildPhases = (
				5F34CF832D2C427200DFD051 /* ShellScript */,
				5F34CED42D2B3F2500DFD051 /* Sources */,
				5F34CED52D2B3F2500DFD051 /* Frameworks */,
				5F34CED62D2B3F2500DFD051 /* Resources */,
			);
			buildRules = (
			);
			dependencies = (
			);
			fileSystemSynchronizedGroups = (
				5F34CEDA2D2B3F2500DFD051 /* Nat */,
			);
			name = Nat;
			packageProductDependencies = (
				5F34CEEF2D2B3F5900DFD051 /* ChatToys */,
				5F1FC3302D3AF53500C8C87C /* SwiftTerm */,
			);
			productName = Nat;
			productReference = 5F34CED82D2B3F2500DFD051 /* Nat.app */;
			productType = "com.apple.product-type.application";
		};
/* End PBXNativeTarget section */

/* Begin PBXProject section */
		5F34CED02D2B3F2500DFD051 /* Project object */ = {
			isa = PBXProject;
			attributes = {
				BuildIndependentTargetsInParallel = 1;
				LastSwiftUpdateCheck = 1620;
				LastUpgradeCheck = 1600;
				TargetAttributes = {
					5F1FCB122D41E74700C8C87C = {
						CreatedOnToolsVersion = 16.2;
						TestTargetID = 5F34CED72D2B3F2500DFD051;
					};
					5F34CED72D2B3F2500DFD051 = {
						CreatedOnToolsVersion = 16.0;
					};
				};
			};
			buildConfigurationList = 5F34CED32D2B3F2500DFD051 /* Build configuration list for PBXProject "Nat" */;
			developmentRegion = en;
			hasScannedForEncodings = 0;
			knownRegions = (
				en,
				Base,
			);
			mainGroup = 5F34CECF2D2B3F2500DFD051;
			minimizedProjectReferenceProxies = 1;
			packageReferences = (
				5F34CEEE2D2B3F5900DFD051 /* XCLocalSwiftPackageReference "../chattoys" */,
				5F1FC32F2D3AF53500C8C87C /* XCRemoteSwiftPackageReference "SwiftTerm" */,
			);
			preferredProjectObjectVersion = 77;
			productRefGroup = 5F34CED92D2B3F2500DFD051 /* Products */;
			projectDirPath = "";
			projectRoot = "";
			targets = (
				5F34CED72D2B3F2500DFD051 /* Nat */,
				5F1FCB122D41E74700C8C87C /* NatTests */,
			);
		};
/* End PBXProject section */

/* Begin PBXResourcesBuildPhase section */
		5F1FCB112D41E74700C8C87C /* Resources */ = {
			isa = PBXResourcesBuildPhase;
			buildActionMask = 2147483647;
			files = (
			);
			runOnlyForDeploymentPostprocessing = 0;
		};
		5F34CED62D2B3F2500DFD051 /* Resources */ = {
			isa = PBXResourcesBuildPhase;
			buildActionMask = 2147483647;
			files = (
			);
			runOnlyForDeploymentPostprocessing = 0;
		};
/* End PBXResourcesBuildPhase section */

/* Begin PBXShellScriptBuildPhase section */
		5F34CF832D2C427200DFD051 /* ShellScript */ = {
			isa = PBXShellScriptBuildPhase;
			alwaysOutOfDate = 1;
			buildActionMask = 2147483647;
			files = (
			);
			inputFileListPaths = (
			);
			inputPaths = (
			);
			outputFileListPaths = (
			);
			outputPaths = (
			);
			runOnlyForDeploymentPostprocessing = 0;
			shellPath = /bin/sh;
			shellScript = "~/Documents/SW/phil/phil.py $PROJECT_DIR\n";
		};
/* End PBXShellScriptBuildPhase section */

/* Begin PBXSourcesBuildPhase section */
		5F1FCB0F2D41E74700C8C87C /* Sources */ = {
			isa = PBXSourcesBuildPhase;
			buildActionMask = 2147483647;
			files = (
			);
			runOnlyForDeploymentPostprocessing = 0;
		};
		5F34CED42D2B3F2500DFD051 /* Sources */ = {
			isa = PBXSourcesBuildPhase;
			buildActionMask = 2147483647;
			files = (
			);
			runOnlyForDeploymentPostprocessing = 0;
		};
/* End PBXSourcesBuildPhase section */

/* Begin PBXTargetDependency section */
		5F1FCB182D41E74700C8C87C /* PBXTargetDependency */ = {
			isa = PBXTargetDependency;
			target = 5F34CED72D2B3F2500DFD051 /* Nat */;
			targetProxy = 5F1FCB172D41E74700C8C87C /* PBXContainerItemProxy */;
		};
/* End PBXTargetDependency section */

/* Begin XCBuildConfiguration section */
		5F1FCB1A2D41E74700C8C87C /* Debug */ = {
			isa = XCBuildConfiguration;
			buildSettings = {
				BUNDLE_LOADER = "$(TEST_HOST)";
				CODE_SIGN_STYLE = Automatic;
				CURRENT_PROJECT_VERSION = 1;
				DEVELOPMENT_TEAM = VPN8ZW6EAC;
				GENERATE_INFOPLIST_FILE = YES;
				MACOSX_DEPLOYMENT_TARGET = 15.2;
				MARKETING_VERSION = 1.0;
				PRODUCT_BUNDLE_IDENTIFIER = com.nateparrott.nat.NatTests;
				PRODUCT_NAME = "$(TARGET_NAME)";
				SWIFT_EMIT_LOC_STRINGS = NO;
				SWIFT_VERSION = 5.0;
				TEST_HOST = "$(BUILT_PRODUCTS_DIR)/Nat.app/$(BUNDLE_EXECUTABLE_FOLDER_PATH)/Nat";
			};
			name = Debug;
		};
		5F1FCB1B2D41E74700C8C87C /* Release */ = {
			isa = XCBuildConfiguration;
			buildSettings = {
				BUNDLE_LOADER = "$(TEST_HOST)";
				CODE_SIGN_STYLE = Automatic;
				CURRENT_PROJECT_VERSION = 1;
				DEVELOPMENT_TEAM = VPN8ZW6EAC;
				GENERATE_INFOPLIST_FILE = YES;
				MACOSX_DEPLOYMENT_TARGET = 15.2;
				MARKETING_VERSION = 1.0;
				PRODUCT_BUNDLE_IDENTIFIER = com.nateparrott.nat.NatTests;
				PRODUCT_NAME = "$(TARGET_NAME)";
				SWIFT_EMIT_LOC_STRINGS = NO;
				SWIFT_VERSION = 5.0;
				TEST_HOST = "$(BUILT_PRODUCTS_DIR)/Nat.app/$(BUNDLE_EXECUTABLE_FOLDER_PATH)/Nat";
			};
			name = Release;
		};
		5F34CEEA2D2B3F2700DFD051 /* Debug */ = {
			isa = XCBuildConfiguration;
			buildSettings = {
				ASSETCATALOG_COMPILER_APPICON_NAME = AppIcon;
				ASSETCATALOG_COMPILER_GLOBAL_ACCENT_COLOR_NAME = AccentColor;
				CODE_SIGN_ENTITLEMENTS = Nat/Nat.entitlements;
				CODE_SIGN_STYLE = Automatic;
				COMBINE_HIDPI_IMAGES = YES;
				CURRENT_PROJECT_VERSION = 1;
				DEVELOPMENT_TEAM = VPN8ZW6EAC;
				ENABLE_HARDENED_RUNTIME = YES;
				ENABLE_USER_SCRIPT_SANDBOXING = NO;
				GENERATE_INFOPLIST_FILE = YES;
				INFOPLIST_FILE = Nat/Info.plist;
				INFOPLIST_KEY_NSAppleEventsUsageDescription = Please;
				INFOPLIST_KEY_NSDesktopFolderUsageDescription = Please;
				INFOPLIST_KEY_NSDocumentsFolderUsageDescription = Please;
				INFOPLIST_KEY_NSDownloadsFolderUsageDescription = Please;
				INFOPLIST_KEY_NSHumanReadableCopyright = "";
				INFOPLIST_KEY_NSMainStoryboardFile = Main;
				INFOPLIST_KEY_NSMicrophoneUsageDescription = Please;
				INFOPLIST_KEY_NSPrincipalClass = NSApplication;
				INFOPLIST_KEY_NSSpeechRecognitionUsageDescription = Please;
				LD_RUNPATH_SEARCH_PATHS = (
					"$(inherited)",
					"@executable_path/../Frameworks",
				);
				MARKETING_VERSION = 1.0;
				PRODUCT_BUNDLE_IDENTIFIER = com.nateparrott.nat.Nat;
				PRODUCT_NAME = "$(TARGET_NAME)";
				SWIFT_EMIT_LOC_STRINGS = YES;
				SWIFT_VERSION = 5.0;
			};
			name = Debug;
		};
		5F34CEEB2D2B3F2700DFD051 /* Release */ = {
			isa = XCBuildConfiguration;
			buildSettings = {
				ASSETCATALOG_COMPILER_APPICON_NAME = AppIcon;
				ASSETCATALOG_COMPILER_GLOBAL_ACCENT_COLOR_NAME = AccentColor;
				CODE_SIGN_ENTITLEMENTS = Nat/Nat.entitlements;
				CODE_SIGN_STYLE = Automatic;
				COMBINE_HIDPI_IMAGES = YES;
				CURRENT_PROJECT_VERSION = 1;
				DEVELOPMENT_TEAM = VPN8ZW6EAC;
				ENABLE_HARDENED_RUNTIME = YES;
				ENABLE_USER_SCRIPT_SANDBOXING = NO;
				GENERATE_INFOPLIST_FILE = YES;
				INFOPLIST_FILE = Nat/Info.plist;
				INFOPLIST_KEY_NSAppleEventsUsageDescription = Please;
				INFOPLIST_KEY_NSDesktopFolderUsageDescription = Please;
				INFOPLIST_KEY_NSDocumentsFolderUsageDescription = Please;
				INFOPLIST_KEY_NSDownloadsFolderUsageDescription = Please;
				INFOPLIST_KEY_NSHumanReadableCopyright = "";
				INFOPLIST_KEY_NSMainStoryboardFile = Main;
				INFOPLIST_KEY_NSMicrophoneUsageDescription = Please;
				INFOPLIST_KEY_NSPrincipalClass = NSApplication;
				INFOPLIST_KEY_NSSpeechRecognitionUsageDescription = Please;
				LD_RUNPATH_SEARCH_PATHS = (
					"$(inherited)",
					"@executable_path/../Frameworks",
				);
				MARKETING_VERSION = 1.0;
				PRODUCT_BUNDLE_IDENTIFIER = com.nateparrott.nat.Nat;
				PRODUCT_NAME = "$(TARGET_NAME)";
				SWIFT_EMIT_LOC_STRINGS = YES;
				SWIFT_VERSION = 5.0;
			};
			name = Release;
		};
		5F34CEEC2D2B3F2700DFD051 /* Debug */ = {
			isa = XCBuildConfiguration;
			buildSettings = {
				ALWAYS_SEARCH_USER_PATHS = NO;
				ASSETCATALOG_COMPILER_GENERATE_SWIFT_ASSET_SYMBOL_EXTENSIONS = YES;
				CLANG_ANALYZER_NONNULL = YES;
				CLANG_ANALYZER_NUMBER_OBJECT_CONVERSION = YES_AGGRESSIVE;
				CLANG_CXX_LANGUAGE_STANDARD = "gnu++20";
				CLANG_ENABLE_MODULES = YES;
				CLANG_ENABLE_OBJC_ARC = YES;
				CLANG_ENABLE_OBJC_WEAK = YES;
				CLANG_WARN_BLOCK_CAPTURE_AUTORELEASING = YES;
				CLANG_WARN_BOOL_CONVERSION = YES;
				CLANG_WARN_COMMA = YES;
				CLANG_WARN_CONSTANT_CONVERSION = YES;
				CLANG_WARN_DEPRECATED_OBJC_IMPLEMENTATIONS = YES;
				CLANG_WARN_DIRECT_OBJC_ISA_USAGE = YES_ERROR;
				CLANG_WARN_DOCUMENTATION_COMMENTS = YES;
				CLANG_WARN_EMPTY_BODY = YES;
				CLANG_WARN_ENUM_CONVERSION = YES;
				CLANG_WARN_INFINITE_RECURSION = YES;
				CLANG_WARN_INT_CONVERSION = YES;
				CLANG_WARN_NON_LITERAL_NULL_CONVERSION = YES;
				CLANG_WARN_OBJC_IMPLICIT_RETAIN_SELF = YES;
				CLANG_WARN_OBJC_LITERAL_CONVERSION = YES;
				CLANG_WARN_OBJC_ROOT_CLASS = YES_ERROR;
				CLANG_WARN_QUOTED_INCLUDE_IN_FRAMEWORK_HEADER = YES;
				CLANG_WARN_RANGE_LOOP_ANALYSIS = YES;
				CLANG_WARN_STRICT_PROTOTYPES = YES;
				CLANG_WARN_SUSPICIOUS_MOVE = YES;
				CLANG_WARN_UNGUARDED_AVAILABILITY = YES_AGGRESSIVE;
				CLANG_WARN_UNREACHABLE_CODE = YES;
				CLANG_WARN__DUPLICATE_METHOD_MATCH = YES;
				COPY_PHASE_STRIP = NO;
				DEBUG_INFORMATION_FORMAT = dwarf;
				ENABLE_STRICT_OBJC_MSGSEND = YES;
				ENABLE_TESTABILITY = YES;
				ENABLE_USER_SCRIPT_SANDBOXING = YES;
				GCC_C_LANGUAGE_STANDARD = gnu17;
				GCC_DYNAMIC_NO_PIC = NO;
				GCC_NO_COMMON_BLOCKS = YES;
				GCC_OPTIMIZATION_LEVEL = 0;
				GCC_PREPROCESSOR_DEFINITIONS = (
					"DEBUG=1",
					"$(inherited)",
				);
				GCC_WARN_64_TO_32_BIT_CONVERSION = YES;
				GCC_WARN_ABOUT_RETURN_TYPE = YES_ERROR;
				GCC_WARN_UNDECLARED_SELECTOR = YES;
				GCC_WARN_UNINITIALIZED_AUTOS = YES_AGGRESSIVE;
				GCC_WARN_UNUSED_FUNCTION = YES;
				GCC_WARN_UNUSED_VARIABLE = YES;
				LOCALIZATION_PREFERS_STRING_CATALOGS = YES;
				MACOSX_DEPLOYMENT_TARGET = 15.0;
				MTL_ENABLE_DEBUG_INFO = INCLUDE_SOURCE;
				MTL_FAST_MATH = YES;
				ONLY_ACTIVE_ARCH = YES;
				SDKROOT = macosx;
				SWIFT_ACTIVE_COMPILATION_CONDITIONS = "DEBUG $(inherited)";
				SWIFT_OPTIMIZATION_LEVEL = "-Onone";
			};
			name = Debug;
		};
		5F34CEED2D2B3F2700DFD051 /* Release */ = {
			isa = XCBuildConfiguration;
			buildSettings = {
				ALWAYS_SEARCH_USER_PATHS = NO;
				ASSETCATALOG_COMPILER_GENERATE_SWIFT_ASSET_SYMBOL_EXTENSIONS = YES;
				CLANG_ANALYZER_NONNULL = YES;
				CLANG_ANALYZER_NUMBER_OBJECT_CONVERSION = YES_AGGRESSIVE;
				CLANG_CXX_LANGUAGE_STANDARD = "gnu++20";
				CLANG_ENABLE_MODULES = YES;
				CLANG_ENABLE_OBJC_ARC = YES;
				CLANG_ENABLE_OBJC_WEAK = YES;
				CLANG_WARN_BLOCK_CAPTURE_AUTORELEASING = YES;
				CLANG_WARN_BOOL_CONVERSION = YES;
				CLANG_WARN_COMMA = YES;
				CLANG_WARN_CONSTANT_CONVERSION = YES;
				CLANG_WARN_DEPRECATED_OBJC_IMPLEMENTATIONS = YES;
				CLANG_WARN_DIRECT_OBJC_ISA_USAGE = YES_ERROR;
				CLANG_WARN_DOCUMENTATION_COMMENTS = YES;
				CLANG_WARN_EMPTY_BODY = YES;
				CLANG_WARN_ENUM_CONVERSION = YES;
				CLANG_WARN_INFINITE_RECURSION = YES;
				CLANG_WARN_INT_CONVERSION = YES;
				CLANG_WARN_NON_LITERAL_NULL_CONVERSION = YES;
				CLANG_WARN_OBJC_IMPLICIT_RETAIN_SELF = YES;
				CLANG_WARN_OBJC_LITERAL_CONVERSION = YES;
				CLANG_WARN_OBJC_ROOT_CLASS = YES_ERROR;
				CLANG_WARN_QUOTED_INCLUDE_IN_FRAMEWORK_HEADER = YES;
				CLANG_WARN_RANGE_LOOP_ANALYSIS = YES;
				CLANG_WARN_STRICT_PROTOTYPES = YES;
				CLANG_WARN_SUSPICIOUS_MOVE = YES;
				CLANG_WARN_UNGUARDED_AVAILABILITY = YES_AGGRESSIVE;
				CLANG_WARN_UNREACHABLE_CODE = YES;
				CLANG_WARN__DUPLICATE_METHOD_MATCH = YES;
				COPY_PHASE_STRIP = NO;
				DEBUG_INFORMATION_FORMAT = "dwarf-with-dsym";
				ENABLE_NS_ASSERTIONS = NO;
				ENABLE_STRICT_OBJC_MSGSEND = YES;
				ENABLE_USER_SCRIPT_SANDBOXING = YES;
				GCC_C_LANGUAGE_STANDARD = gnu17;
				GCC_NO_COMMON_BLOCKS = YES;
				GCC_WARN_64_TO_32_BIT_CONVERSION = YES;
				GCC_WARN_ABOUT_RETURN_TYPE = YES_ERROR;
				GCC_WARN_UNDECLARED_SELECTOR = YES;
				GCC_WARN_UNINITIALIZED_AUTOS = YES_AGGRESSIVE;
				GCC_WARN_UNUSED_FUNCTION = YES;
				GCC_WARN_UNUSED_VARIABLE = YES;
				LOCALIZATION_PREFERS_STRING_CATALOGS = YES;
				MACOSX_DEPLOYMENT_TARGET = 15.0;
				MTL_ENABLE_DEBUG_INFO = NO;
				MTL_FAST_MATH = YES;
				SDKROOT = macosx;
				SWIFT_COMPILATION_MODE = wholemodule;
			};
			name = Release;
		};
/* End XCBuildConfiguration section */

/* Begin XCConfigurationList section */
		5F1FCB192D41E74700C8C87C /* Build configuration list for PBXNativeTarget "NatTests" */ = {
			isa = XCConfigurationList;
			buildConfigurations = (
				5F1FCB1A2D41E74700C8C87C /* Debug */,
				5F1FCB1B2D41E74700C8C87C /* Release */,
			);
			defaultConfigurationIsVisible = 0;
			defaultConfigurationName = Release;
		};
		5F34CED32D2B3F2500DFD051 /* Build configuration list for PBXProject "Nat" */ = {
			isa = XCConfigurationList;
			buildConfigurations = (
				5F34CEEC2D2B3F2700DFD051 /* Debug */,
				5F34CEED2D2B3F2700DFD051 /* Release */,
			);
			defaultConfigurationIsVisible = 0;
			defaultConfigurationName = Release;
		};
		5F34CEE92D2B3F2700DFD051 /* Build configuration list for PBXNativeTarget "Nat" */ = {
			isa = XCConfigurationList;
			buildConfigurations = (
				5F34CEEA2D2B3F2700DFD051 /* Debug */,
				5F34CEEB2D2B3F2700DFD051 /* Release */,
			);
			defaultConfigurationIsVisible = 0;
			defaultConfigurationName = Release;
		};
/* End XCConfigurationList section */

/* Begin XCLocalSwiftPackageReference section */
		5F34CEEE2D2B3F5900DFD051 /* XCLocalSwiftPackageReference "../chattoys" */ = {
			isa = XCLocalSwiftPackageReference;
			relativePath = ../chattoys;
		};
/* End XCLocalSwiftPackageReference section */

/* Begin XCRemoteSwiftPackageReference section */
		5F1FC32F2D3AF53500C8C87C /* XCRemoteSwiftPackageReference "SwiftTerm" */ = {
			isa = XCRemoteSwiftPackageReference;
			repositoryURL = "https://github.com/migueldeicaza/SwiftTerm";
			requirement = {
				kind = upToNextMajorVersion;
				minimumVersion = 1.2.5;
			};
		};
/* End XCRemoteSwiftPackageReference section */

/* Begin XCSwiftPackageProductDependency section */
		5F1FC3302D3AF53500C8C87C /* SwiftTerm */ = {
			isa = XCSwiftPackageProductDependency;
			package = 5F1FC32F2D3AF53500C8C87C /* XCRemoteSwiftPackageReference "SwiftTerm" */;
			productName = SwiftTerm;
		};
		5F34CEEF2D2B3F5900DFD051 /* ChatToys */ = {
			isa = XCSwiftPackageProductDependency;
			productName = ChatToys;
		};
/* End XCSwiftPackageProductDependency section */
	};
	rootObject = 5F34CED02D2B3F2500DFD051 /* Project object */;
}
